{
  "name": "telegram-facebook-share-bot",
  "version": "1.0.0",
  "lockfileVersion": 3,
  "requires": true,
  "packages": {
    "": {
      "name": "telegram-facebook-share-bot",
      "version": "1.0.0",
      "license": "MIT",
      "dependencies": {
        "axios": "^1.6.7",
        "node-telegram-bot-api": "^0.64.0"
      },
     "author": "AI Assistant"
    },
    "node_modules/axios": {
      "version": "1.6.7",
      "resolved": "https://registry.npmjs.org/axios/-/axios-1.6.7.tgz",
      "integrity": "sha512-XzE+dD4S2k+rM/dCq51n6F2r1f55/m9Wv92t/n/m8tWJzZ83/eZ7J+r0W3x/8k8r9q5Uv48d2q82d0/Kbg==",
      "engines": {
        "node": ">=14.0.0"
      }
    },
    "node_modules/node-telegram-bot-api": {
      "version": "0.64.0",
      "resolved": "https://registry.npmjs.org/node-telegram-bot-api/-/node-telegram-bot-api-0.64.0.tgz",
      "integrity": "sha512-28b9/Yp2Yt3h276c5sPzQp8oKqFvX6U1aQk682U4s9T9009L8eO0X07KjEaC6t/h419+kH22Ym0l+nL6iFw==",
      "dependencies": {
        "form-data": "^4.0.0",
        "https-proxy-agent": "^5.0.1",
        "lodash": "^4.17.21",
        "node-fetch": "^2.6.12",
        "socks-proxy-agent": "^7.0.0"
      },
      "engines": {
        "node": ">=12"
      }
    },
    "node_modules/form-data": {
      "version": "4.0.0",
      "resolved": "https://registry.npmjs.org/form-data/-/form-data-4.0.0.tgz",
      "integrity": "sha512-ETEklGqWlvv4lF61yNPcZx/vTG5GBJ0B0BkmZPw/cPK5oEreqlsBvRRY7dcxde+73eog/y70h76i5Qjmf/vGg==",
      "dependencies": {
        "asynckit": "^0.4.0",
        "combined-stream": "^1.0.8",
        "mime-types": "^2.1.35"
      },
      "engines": {
        "node": ">= 12"
      }
    },
    "node_modules/https-proxy-agent": {
      "version": "5.0.1",
      "resolved": "https://registry.npmjs.org/https-proxy-agent/-/https-proxy-agent-5.0.1.tgz",
      "integrity": "sha512-E9F+d/B4mB/D2O8bK7mUuK/g4+02j+91O4/B3w+ZqR9Bf6n7l4c5xZk3mP3p2P1L6t/P9fQ5Ew+9E2I/w==",
      "dependencies": {
        "agent-base": "^6.0.2",
        "debug": "^4.3.4"
      },
      "engines": {
        "node": ">=12"
      }
    },
    "node_modules/lodash": {
      "version": "4.17.21",
      "resolved": "https://registry.npmjs.org/lodash/-/lodash-4.17.21.tgz",
      "integrity": "sha512-v2KDEe57lecTulaDIuNTPy3Ry4gLGJ6Z1O3vE1krgXZNrsQ+WtVwTR+0zZ76J1c5LbWWD0a3c5G1j+j6kR/bOg=="
    },
    "node_modules/node-fetch": {
      "version": "2.6.12",
      "resolved": "https://registry.npmjs.org/node-fetch/-/node-fetch-2.6.12.tgz",
      "integrity": "sha512-QeE47J9n6399n+yC09k+c/Zq8x1/Q65i4935xUeDk91l4wXv0rU/yX5iQ1oD2j9VfV5w723kU2H2r9XmQYw==",
      "engines": {
        "node": "4.x || >=6.0.0"
      }
    },
    "node_modules/socks-proxy-agent": {
      "version": "7.0.0",
      "resolved": "https://registry.npmjs.org/socks-proxy-agent/-/socks-proxy-agent-7.0.0.tgz",
      "integrity": "sha512-h671jE495K2Z5qWd2V1/YkO47Uj1V077H86T/rI9UuH6g5V70H07V6k9/vHq3/t6U4k6cQ1x/6U0X0HqQ1w==",
      "dependencies": {
        "agent-base": "^6.0.2",
        "debug": "^4.3.4",
        "socks": "^2.7.2"
      },
      "engines": {
        "node": ">=12"
      }
    },
    "node_modules/asynckit": {
      "version": "0.4.0",
      "resolved": "https://registry.npmjs.org/asynckit/-/asynckit-0.4.0.tgz",
      "integrity": "sha512-Oei9OH4tRh0YqU3GacnBI7OGYyjMfxKHLwJ51sGytzOmTP1l3qPd2FZ7Zmdhcw7jJd/GXj3WVD4kdzYIhcpnGw=="
    },
    "node_modules/combined-stream": {
      "version": "1.0.8",
      "resolved": "https://registry.npmjs.org/combined-stream/-/combined-stream-1.0.8.tgz",
      "integrity": "sha512-FQN4MRszBObR/x29106qEG5WjUJ5Bztv7lPK8MzHO7y9Jx4mJ8b69p5qU87w4h/M+kEAn7b8t7iR/s/bWq2g=="
    },
    "node_modules/debug": {
      "version": "4.3.4",
      "resolved": "https://registry.npmjs.org/debug/-/debug-4.3.4.tgz",
      "integrity": "sha512-PRWFHuSU3eCzQG1jRuLzQjFLej7CpJPGvZxkJ6tns+duXIpzlE8DDjEuytRJ8Jx1Y0y0ptAnv9v/Uy3lbW1jQ==",
      "dependencies": {
        "ms": "2.1.2"
      },
      "engines": {
        "node": ">=6.0"
      },
      "peerDependencies": {
        "supports-color": "*"
      }
    },
    "node_modules/mime-types": {
      "version": "2.1.35",
      "resolved": "https://registry.npmjs.org/mime-types/-/mime-types-2.1.35.tgz",
      "integrity": "sha512-ZDY+bPm5zTTF+YpCrAU9nK0UgICYPT0QtTZmRZx+sQjbKYBIeQvCmxXw0zE6jGO/JofnTiJp0WUQ7v7v3tXnA==",
      "dependencies": {
        "mime-db": "1.52.0"
      },
      "engines": {
        "node": ">=0.6"
      }
    },
    "node_modules/ms": {
      "version": "2.1.2",
      "resolved": "https://registry.npmjs.org/ms/-/ms-2.1.2.tgz",
      "integrity": "sha512-sGkIpdeK2iX0jXjbT/KjBcL4q3f6tMzFj/vDejwR9Yj6z3Ea9XSpcR7/94s2+lKcz/e9k5s9418XJ0Y/1k1yQ=="
    },
    "node_modules/agent-base": {
     "version": "6.0.2",
      "resolved": "https://registry.npmjs.org/agent-base/-/agent-base-6.0.2.tgz",
      "integrity": "sha512-T47T073tK4r2/Gv83rT88BQl82aB8e0Z2Vn+h88H4zX/6o9f2V488aGqV/kLpZl9p9qEw/k4h4X7I7g==",
     "dependencies": {
       "es6-promisify": "^5.0.0"
      },
      "engines": {
      "node": ">= 12"
       }
    },
    "node_modules/socks":{
      "version": "2.7.2",
      "resolved": "https://registry.npmjs.org/socks/-/socks-2.7.2.tgz",
     "integrity": "sha512-u5+t7o2a9f333vK21XW036LqIuK4d+Zc5tS7X/iWv4E+gY9i09n1K66l51l+k1b5Vn/T12r/5+qYq84Gj/rQ==",
     "engines": {
      "node": ">= 10.0.0"
      }
    },
    "node_modules/es6-promisify": {
        "version": "5.0.0",
        "resolved": "https://registry.npmjs.org/es6-promisify/-/es6-promisify-5.0.0.tgz",
        "integrity": "sha512-49w/k9b6y6v9Zp/l4F0WjB4B1qWjZ0i2y1D9aGq2sXW+5e5+c4E80Jd/4w0R5m/3F/W1d7/y8Wv7F0hQ41w=="
     },
     "node_modules/mime-db": {
          "version": "1.52.0",
          "resolved": "https://registry.npmjs.org/mime-db/-/mime-db-1.52.0.tgz",
          "integrity": "sha512-yq+Lp0H1bX3o39q93XzHnY1sA8eE+7p00G50vY/v5+gV1L/p7/XJ3s2/T5gX4d8J4u+7s4I8T+t86eF7+H6Q=="
     }
  }
}